// !$*UTF8*$!
{
	archiveVersion = 1;
	classes = {
	};
	objectVersion = 46;
	objects = {

/* Begin PBXBuildFile section */
		935280C81AA9027A00645457 /* splash@2x.png in Resources */ = {isa = PBXBuildFile; fileRef = 935280C71AA9027A00645457 /* splash@2x.png */; };
		935280CA1AA9074D00645457 /* AppIcon@2x.png in Resources */ = {isa = PBXBuildFile; fileRef = 935280C91AA9074D00645457 /* AppIcon@2x.png */; };
		939E82F31AA6B42C00B0B846 /* call.png in Resources */ = {isa = PBXBuildFile; fileRef = 939E82E91AA6B42C00B0B846 /* call.png */; };
		939E82F41AA6B42C00B0B846 /* checkin.png in Resources */ = {isa = PBXBuildFile; fileRef = 939E82EA1AA6B42C00B0B846 /* checkin.png */; };
		939E82F51AA6B42C00B0B846 /* cross.png in Resources */ = {isa = PBXBuildFile; fileRef = 939E82EB1AA6B42C00B0B846 /* cross.png */; };
		939E82F61AA6B42C00B0B846 /* pano2.jpg in Resources */ = {isa = PBXBuildFile; fileRef = 939E82EC1AA6B42C00B0B846 /* pano2.jpg */; };
		939E82FB1AA6B42C00B0B846 /* text.png in Resources */ = {isa = PBXBuildFile; fileRef = 939E82F11AA6B42C00B0B846 /* text.png */; };
		939E82FF1AA6B4F800B0B846 /* textbox1.png in Resources */ = {isa = PBXBuildFile; fileRef = 939E82FC1AA6B4F800B0B846 /* textbox1.png */; };
		939E83001AA6B4F800B0B846 /* textbox2.png in Resources */ = {isa = PBXBuildFile; fileRef = 939E82FD1AA6B4F800B0B846 /* textbox2.png */; };
		939E83011AA6B4F800B0B846 /* textbox3.png in Resources */ = {isa = PBXBuildFile; fileRef = 939E82FE1AA6B4F800B0B846 /* textbox3.png */; };
		939E83171AA6D0D100B0B846 /* suggestionsbg.png in Resources */ = {isa = PBXBuildFile; fileRef = 939E83161AA6D0D100B0B846 /* suggestionsbg.png */; };
		939E831A1AA6D46000B0B846 /* suggestion1.png in Resources */ = {isa = PBXBuildFile; fileRef = 939E83181AA6D46000B0B846 /* suggestion1.png */; };
		939E831F1AA6DBA600B0B846 /* Map Marker.png in Resources */ = {isa = PBXBuildFile; fileRef = 939E831E1AA6DBA600B0B846 /* Map Marker.png */; };
		939E83211AA6DBB000B0B846 /* Speech Bubble.png in Resources */ = {isa = PBXBuildFile; fileRef = 939E83201AA6DBB000B0B846 /* Speech Bubble.png */; };
		939E83231AA6DBDB00B0B846 /* Calendar.png in Resources */ = {isa = PBXBuildFile; fileRef = 939E83221AA6DBDB00B0B846 /* Calendar.png */; };
		93A043471AA81BB1004A4BB8 /* TrackingBG.png in Resources */ = {isa = PBXBuildFile; fileRef = 93A043461AA81BB1004A4BB8 /* TrackingBG.png */; };
		93C7B0451AA2E3CC00498F97 /* AppDelegate.swift in Sources */ = {isa = PBXBuildFile; fileRef = 93C7B0441AA2E3CC00498F97 /* AppDelegate.swift */; };
		93C7B04A1AA2E3CC00498F97 /* Main.storyboard in Resources */ = {isa = PBXBuildFile; fileRef = 93C7B0481AA2E3CC00498F97 /* Main.storyboard */; };
		93C7B04C1AA2E3CC00498F97 /* Images.xcassets in Resources */ = {isa = PBXBuildFile; fileRef = 93C7B04B1AA2E3CC00498F97 /* Images.xcassets */; };
		93C7B04F1AA2E3CC00498F97 /* LaunchScreen.xib in Resources */ = {isa = PBXBuildFile; fileRef = 93C7B04D1AA2E3CC00498F97 /* LaunchScreen.xib */; };
		93C7B05B1AA2E3CC00498F97 /* MoodBuddyTests.swift in Sources */ = {isa = PBXBuildFile; fileRef = 93C7B05A1AA2E3CC00498F97 /* MoodBuddyTests.swift */; };
		93C7B0651AA2E5F900498F97 /* SuggestionsViewController.swift in Sources */ = {isa = PBXBuildFile; fileRef = 93C7B0641AA2E5F900498F97 /* SuggestionsViewController.swift */; };
		93C7B06A1AA2E61B00498F97 /* CheckInViewController.swift in Sources */ = {isa = PBXBuildFile; fileRef = 93C7B0671AA2E61B00498F97 /* CheckInViewController.swift */; };
		93C7B06B1AA2E61B00498F97 /* GraphViewController.swift in Sources */ = {isa = PBXBuildFile; fileRef = 93C7B0681AA2E61B00498F97 /* GraphViewController.swift */; };
		93C7B06D1AA2EA0300498F97 /* ScrollViewContainer.swift in Sources */ = {isa = PBXBuildFile; fileRef = 93C7B06C1AA2EA0300498F97 /* ScrollViewContainer.swift */; };
		93D4C9D01AA806BB00523FAE /* suggestion2.png in Resources */ = {isa = PBXBuildFile; fileRef = 93D4C9CD1AA806BB00523FAE /* suggestion2.png */; };
		93D4C9D11AA806BB00523FAE /* suggestion3.png in Resources */ = {isa = PBXBuildFile; fileRef = 93D4C9CE1AA806BB00523FAE /* suggestion3.png */; };
		93D4C9D21AA806BB00523FAE /* suggestion4.png in Resources */ = {isa = PBXBuildFile; fileRef = 93D4C9CF1AA806BB00523FAE /* suggestion4.png */; };
		93D4C9D41AA806EE00523FAE /* Alarm Clock.png in Resources */ = {isa = PBXBuildFile; fileRef = 93D4C9D31AA806EE00523FAE /* Alarm Clock.png */; };
		93D4C9D71AA8090400523FAE /* Heart Monitor.png in Resources */ = {isa = PBXBuildFile; fileRef = 93D4C9D51AA8090400523FAE /* Heart Monitor.png */; };
		93D4C9D81AA8090400523FAE /* Music.png in Resources */ = {isa = PBXBuildFile; fileRef = 93D4C9D61AA8090400523FAE /* Music.png */; };
		93D4C9DF1AA817E900523FAE /* checkinafter.png in Resources */ = {isa = PBXBuildFile; fileRef = 93D4C9DD1AA817E900523FAE /* checkinafter.png */; };
		93D4C9E01AA817E900523FAE /* checkinbefore.png in Resources */ = {isa = PBXBuildFile; fileRef = 93D4C9DE1AA817E900523FAE /* checkinbefore.png */; };
/* End PBXBuildFile section */

/* Begin PBXContainerItemProxy section */
		93C7B0551AA2E3CC00498F97 /* PBXContainerItemProxy */ = {
			isa = PBXContainerItemProxy;
			containerPortal = 93C7B0371AA2E3CC00498F97 /* Project object */;
			proxyType = 1;
			remoteGlobalIDString = 93C7B03E1AA2E3CC00498F97;
			remoteInfo = MoodBuddy;
		};
/* End PBXContainerItemProxy section */

/* Begin PBXFileReference section */
		935280C71AA9027A00645457 /* splash@2x.png */ = {isa = PBXFileReference; lastKnownFileType = image.png; name = "splash@2x.png"; path = "Image Assets/splash@2x.png"; sourceTree = "<group>"; };
		935280C91AA9074D00645457 /* AppIcon@2x.png */ = {isa = PBXFileReference; lastKnownFileType = image.png; name = "AppIcon@2x.png"; path = "Image Assets/AppIcon@2x.png"; sourceTree = "<group>"; };
		939E82E91AA6B42C00B0B846 /* call.png */ = {isa = PBXFileReference; lastKnownFileType = image.png; name = call.png; path = "Image Assets/call.png"; sourceTree = "<group>"; };
		939E82EA1AA6B42C00B0B846 /* checkin.png */ = {isa = PBXFileReference; lastKnownFileType = image.png; name = checkin.png; path = "Image Assets/checkin.png"; sourceTree = "<group>"; };
		939E82EB1AA6B42C00B0B846 /* cross.png */ = {isa = PBXFileReference; lastKnownFileType = image.png; name = cross.png; path = "Image Assets/cross.png"; sourceTree = "<group>"; };
		939E82EC1AA6B42C00B0B846 /* pano2.jpg */ = {isa = PBXFileReference; lastKnownFileType = image.jpeg; name = pano2.jpg; path = "Image Assets/pano2.jpg"; sourceTree = "<group>"; };
		939E82F11AA6B42C00B0B846 /* text.png */ = {isa = PBXFileReference; lastKnownFileType = image.png; name = text.png; path = "Image Assets/text.png"; sourceTree = "<group>"; };
		939E82FC1AA6B4F800B0B846 /* textbox1.png */ = {isa = PBXFileReference; lastKnownFileType = image.png; name = textbox1.png; path = "Image Assets/textbox1.png"; sourceTree = "<group>"; };
		939E82FD1AA6B4F800B0B846 /* textbox2.png */ = {isa = PBXFileReference; lastKnownFileType = image.png; name = textbox2.png; path = "Image Assets/textbox2.png"; sourceTree = "<group>"; };
		939E82FE1AA6B4F800B0B846 /* textbox3.png */ = {isa = PBXFileReference; lastKnownFileType = image.png; name = textbox3.png; path = "Image Assets/textbox3.png"; sourceTree = "<group>"; };
		939E83161AA6D0D100B0B846 /* suggestionsbg.png */ = {isa = PBXFileReference; lastKnownFileType = image.png; name = suggestionsbg.png; path = "Image Assets/suggestionsbg.png"; sourceTree = "<group>"; };
		939E83181AA6D46000B0B846 /* suggestion1.png */ = {isa = PBXFileReference; lastKnownFileType = image.png; name = suggestion1.png; path = "Image Assets/suggestion1.png"; sourceTree = "<group>"; };
		939E831E1AA6DBA600B0B846 /* Map Marker.png */ = {isa = PBXFileReference; lastKnownFileType = image.png; name = "Map Marker.png"; path = "Image Assets/Map Marker.png"; sourceTree = "<group>"; };
		939E83201AA6DBB000B0B846 /* Speech Bubble.png */ = {isa = PBXFileReference; lastKnownFileType = image.png; name = "Speech Bubble.png"; path = "Image Assets/Speech Bubble.png"; sourceTree = "<group>"; };
		939E83221AA6DBDB00B0B846 /* Calendar.png */ = {isa = PBXFileReference; lastKnownFileType = image.png; name = Calendar.png; path = "Image Assets/Calendar.png"; sourceTree = "<group>"; };
		93A043461AA81BB1004A4BB8 /* TrackingBG.png */ = {isa = PBXFileReference; lastKnownFileType = image.png; name = TrackingBG.png; path = "Image Assets/TrackingBG.png"; sourceTree = "<group>"; };
		93C7B03F1AA2E3CC00498F97 /* ThoughtJar.app */ = {isa = PBXFileReference; explicitFileType = wrapper.application; includeInIndex = 0; path = ThoughtJar.app; sourceTree = BUILT_PRODUCTS_DIR; };
		93C7B0431AA2E3CC00498F97 /* Info.plist */ = {isa = PBXFileReference; lastKnownFileType = text.plist.xml; path = Info.plist; sourceTree = "<group>"; };
		93C7B0441AA2E3CC00498F97 /* AppDelegate.swift */ = {isa = PBXFileReference; lastKnownFileType = sourcecode.swift; path = AppDelegate.swift; sourceTree = "<group>"; };
		93C7B0491AA2E3CC00498F97 /* Base */ = {isa = PBXFileReference; lastKnownFileType = file.storyboard; name = Base; path = Base.lproj/Main.storyboard; sourceTree = "<group>"; };
		93C7B04B1AA2E3CC00498F97 /* Images.xcassets */ = {isa = PBXFileReference; lastKnownFileType = folder.assetcatalog; path = Images.xcassets; sourceTree = "<group>"; };
		93C7B04E1AA2E3CC00498F97 /* Base */ = {isa = PBXFileReference; lastKnownFileType = file.xib; name = Base; path = Base.lproj/LaunchScreen.xib; sourceTree = "<group>"; };
		93C7B0541AA2E3CC00498F97 /* ThoughtJarTests.xctest */ = {isa = PBXFileReference; explicitFileType = wrapper.cfbundle; includeInIndex = 0; path = ThoughtJarTests.xctest; sourceTree = BUILT_PRODUCTS_DIR; };
		93C7B0591AA2E3CC00498F97 /* Info.plist */ = {isa = PBXFileReference; lastKnownFileType = text.plist.xml; path = Info.plist; sourceTree = "<group>"; };
		93C7B05A1AA2E3CC00498F97 /* MoodBuddyTests.swift */ = {isa = PBXFileReference; lastKnownFileType = sourcecode.swift; path = MoodBuddyTests.swift; sourceTree = "<group>"; };
		93C7B0641AA2E5F900498F97 /* SuggestionsViewController.swift */ = {isa = PBXFileReference; fileEncoding = 4; lastKnownFileType = sourcecode.swift; path = SuggestionsViewController.swift; sourceTree = "<group>"; };
		93C7B0671AA2E61B00498F97 /* CheckInViewController.swift */ = {isa = PBXFileReference; fileEncoding = 4; lastKnownFileType = sourcecode.swift; path = CheckInViewController.swift; sourceTree = "<group>"; };
		93C7B0681AA2E61B00498F97 /* GraphViewController.swift */ = {isa = PBXFileReference; fileEncoding = 4; lastKnownFileType = sourcecode.swift; path = GraphViewController.swift; sourceTree = "<group>"; };
		93C7B06C1AA2EA0300498F97 /* ScrollViewContainer.swift */ = {isa = PBXFileReference; fileEncoding = 4; lastKnownFileType = sourcecode.swift; path = ScrollViewContainer.swift; sourceTree = "<group>"; };
		93D4C9CD1AA806BB00523FAE /* suggestion2.png */ = {isa = PBXFileReference; lastKnownFileType = image.png; name = suggestion2.png; path = "Image Assets/suggestion2.png"; sourceTree = "<group>"; };
		93D4C9CE1AA806BB00523FAE /* suggestion3.png */ = {isa = PBXFileReference; lastKnownFileType = image.png; name = suggestion3.png; path = "Image Assets/suggestion3.png"; sourceTree = "<group>"; };
		93D4C9CF1AA806BB00523FAE /* suggestion4.png */ = {isa = PBXFileReference; lastKnownFileType = image.png; name = suggestion4.png; path = "Image Assets/suggestion4.png"; sourceTree = "<group>"; };
		93D4C9D31AA806EE00523FAE /* Alarm Clock.png */ = {isa = PBXFileReference; lastKnownFileType = image.png; name = "Alarm Clock.png"; path = "Image Assets/Alarm Clock.png"; sourceTree = "<group>"; };
		93D4C9D51AA8090400523FAE /* Heart Monitor.png */ = {isa = PBXFileReference; lastKnownFileType = image.png; name = "Heart Monitor.png"; path = "Image Assets/Heart Monitor.png"; sourceTree = "<group>"; };
		93D4C9D61AA8090400523FAE /* Music.png */ = {isa = PBXFileReference; lastKnownFileType = image.png; name = Music.png; path = "Image Assets/Music.png"; sourceTree = "<group>"; };
		93D4C9DD1AA817E900523FAE /* checkinafter.png */ = {isa = PBXFileReference; lastKnownFileType = image.png; name = checkinafter.png; path = "Image Assets/checkinafter.png"; sourceTree = "<group>"; };
		93D4C9DE1AA817E900523FAE /* checkinbefore.png */ = {isa = PBXFileReference; lastKnownFileType = image.png; name = checkinbefore.png; path = "Image Assets/checkinbefore.png"; sourceTree = "<group>"; };
/* End PBXFileReference section */

/* Begin PBXFrameworksBuildPhase section */
		93C7B03C1AA2E3CC00498F97 /* Frameworks */ = {
			isa = PBXFrameworksBuildPhase;
			buildActionMask = 2147483647;
			files = (
			);
			runOnlyForDeploymentPostprocessing = 0;
		};
		93C7B0511AA2E3CC00498F97 /* Frameworks */ = {
			isa = PBXFrameworksBuildPhase;
			buildActionMask = 2147483647;
			files = (
			);
			runOnlyForDeploymentPostprocessing = 0;
		};
/* End PBXFrameworksBuildPhase section */

/* Begin PBXGroup section */
		93C7B0361AA2E3CC00498F97 = {
			isa = PBXGroup;
			children = (
				93C7B0411AA2E3CC00498F97 /* ThoughtJar */,
				93C7B0571AA2E3CC00498F97 /* ThoughtJarTests */,
				93C7B0401AA2E3CC00498F97 /* Products */,
			);
			sourceTree = "<group>";
		};
		93C7B0401AA2E3CC00498F97 /* Products */ = {
			isa = PBXGroup;
			children = (
				93C7B03F1AA2E3CC00498F97 /* ThoughtJar.app */,
				93C7B0541AA2E3CC00498F97 /* ThoughtJarTests.xctest */,
			);
			name = Products;
			sourceTree = "<group>";
		};
		93C7B0411AA2E3CC00498F97 /* ThoughtJar */ = {
			isa = PBXGroup;
			children = (
				93C7B0641AA2E5F900498F97 /* SuggestionsViewController.swift */,
				93C7B06C1AA2EA0300498F97 /* ScrollViewContainer.swift */,
				93C7B0671AA2E61B00498F97 /* CheckInViewController.swift */,
				93C7B0681AA2E61B00498F97 /* GraphViewController.swift */,
				93C7B0481AA2E3CC00498F97 /* Main.storyboard */,
				93C7B04B1AA2E3CC00498F97 /* Images.xcassets */,
				93C7B04D1AA2E3CC00498F97 /* LaunchScreen.xib */,
				93C7B0421AA2E3CC00498F97 /* Supporting Files */,
			);
			name = ThoughtJar;
			path = MoodBuddy;
			sourceTree = "<group>";
		};
		93C7B0421AA2E3CC00498F97 /* Supporting Files */ = {
			isa = PBXGroup;
			children = (
				93C7B0441AA2E3CC00498F97 /* AppDelegate.swift */,
				939E83161AA6D0D100B0B846 /* suggestionsbg.png */,
				935280C71AA9027A00645457 /* splash@2x.png */,
				939E83221AA6DBDB00B0B846 /* Calendar.png */,
				935280C91AA9074D00645457 /* AppIcon@2x.png */,
				939E82E91AA6B42C00B0B846 /* call.png */,
				939E82EA1AA6B42C00B0B846 /* checkin.png */,
				93A043461AA81BB1004A4BB8 /* TrackingBG.png */,
				93D4C9DD1AA817E900523FAE /* checkinafter.png */,
				93D4C9DE1AA817E900523FAE /* checkinbefore.png */,
				93D4C9D31AA806EE00523FAE /* Alarm Clock.png */,
				939E82FC1AA6B4F800B0B846 /* textbox1.png */,
				939E82FD1AA6B4F800B0B846 /* textbox2.png */,
				93D4C9D51AA8090400523FAE /* Heart Monitor.png */,
				93D4C9D61AA8090400523FAE /* Music.png */,
				939E83181AA6D46000B0B846 /* suggestion1.png */,
				93D4C9CD1AA806BB00523FAE /* suggestion2.png */,
				93D4C9CE1AA806BB00523FAE /* suggestion3.png */,
				93D4C9CF1AA806BB00523FAE /* suggestion4.png */,
				939E831E1AA6DBA600B0B846 /* Map Marker.png */,
				939E83201AA6DBB000B0B846 /* Speech Bubble.png */,
				939E82FE1AA6B4F800B0B846 /* textbox3.png */,
				939E82EB1AA6B42C00B0B846 /* cross.png */,
				939E82EC1AA6B42C00B0B846 /* pano2.jpg */,
				939E82F11AA6B42C00B0B846 /* text.png */,
				93C7B0431AA2E3CC00498F97 /* Info.plist */,
			);
			name = "Supporting Files";
			sourceTree = "<group>";
		};
		93C7B0571AA2E3CC00498F97 /* ThoughtJarTests */ = {
			isa = PBXGroup;
			children = (
				93C7B05A1AA2E3CC00498F97 /* MoodBuddyTests.swift */,
				93C7B0581AA2E3CC00498F97 /* Supporting Files */,
			);
			name = ThoughtJarTests;
			path = MoodBuddyTests;
			sourceTree = "<group>";
		};
		93C7B0581AA2E3CC00498F97 /* Supporting Files */ = {
			isa = PBXGroup;
			children = (
				93C7B0591AA2E3CC00498F97 /* Info.plist */,
			);
			name = "Supporting Files";
			sourceTree = "<group>";
		};
/* End PBXGroup section */

/* Begin PBXNativeTarget section */
		93C7B03E1AA2E3CC00498F97 /* ThoughtJar */ = {
			isa = PBXNativeTarget;
			buildConfigurationList = 93C7B05E1AA2E3CC00498F97 /* Build configuration list for PBXNativeTarget "ThoughtJar" */;
			buildPhases = (
				93C7B03B1AA2E3CC00498F97 /* Sources */,
				93C7B03C1AA2E3CC00498F97 /* Frameworks */,
				93C7B03D1AA2E3CC00498F97 /* Resources */,
			);
			buildRules = (
			);
			dependencies = (
			);
			name = ThoughtJar;
			productName = MoodBuddy;
			productReference = 93C7B03F1AA2E3CC00498F97 /* ThoughtJar.app */;
			productType = "com.apple.product-type.application";
		};
		93C7B0531AA2E3CC00498F97 /* ThoughtJarTests */ = {
			isa = PBXNativeTarget;
			buildConfigurationList = 93C7B0611AA2E3CC00498F97 /* Build configuration list for PBXNativeTarget "ThoughtJarTests" */;
			buildPhases = (
				93C7B0501AA2E3CC00498F97 /* Sources */,
				93C7B0511AA2E3CC00498F97 /* Frameworks */,
				93C7B0521AA2E3CC00498F97 /* Resources */,
			);
			buildRules = (
			);
			dependencies = (
				93C7B0561AA2E3CC00498F97 /* PBXTargetDependency */,
			);
			name = ThoughtJarTests;
			productName = MoodBuddyTests;
			productReference = 93C7B0541AA2E3CC00498F97 /* ThoughtJarTests.xctest */;
			productType = "com.apple.product-type.bundle.unit-test";
		};
/* End PBXNativeTarget section */

/* Begin PBXProject section */
		93C7B0371AA2E3CC00498F97 /* Project object */ = {
			isa = PBXProject;
			attributes = {
				LastUpgradeCheck = 0610;
				ORGANIZATIONNAME = "Aaron Loh";
				TargetAttributes = {
					93C7B03E1AA2E3CC00498F97 = {
						CreatedOnToolsVersion = 6.1.1;
					};
					93C7B0531AA2E3CC00498F97 = {
						CreatedOnToolsVersion = 6.1.1;
						TestTargetID = 93C7B03E1AA2E3CC00498F97;
					};
				};
			};
			buildConfigurationList = 93C7B03A1AA2E3CC00498F97 /* Build configuration list for PBXProject "ThoughtJar" */;
			compatibilityVersion = "Xcode 3.2";
			developmentRegion = English;
			hasScannedForEncodings = 0;
			knownRegions = (
				en,
				Base,
			);
			mainGroup = 93C7B0361AA2E3CC00498F97;
			productRefGroup = 93C7B0401AA2E3CC00498F97 /* Products */;
			projectDirPath = "";
			projectRoot = "";
			targets = (
				93C7B03E1AA2E3CC00498F97 /* ThoughtJar */,
				93C7B0531AA2E3CC00498F97 /* ThoughtJarTests */,
			);
		};
/* End PBXProject section */

/* Begin PBXResourcesBuildPhase section */
		93C7B03D1AA2E3CC00498F97 /* Resources */ = {
			isa = PBXResourcesBuildPhase;
			buildActionMask = 2147483647;
			files = (
				939E83011AA6B4F800B0B846 /* textbox3.png in Resources */,
				935280C81AA9027A00645457 /* splash@2x.png in Resources */,
				939E831A1AA6D46000B0B846 /* suggestion1.png in Resources */,
				93D4C9DF1AA817E900523FAE /* checkinafter.png in Resources */,
				93D4C9D01AA806BB00523FAE /* suggestion2.png in Resources */,
				939E82F61AA6B42C00B0B846 /* pano2.jpg in Resources */,
				939E83001AA6B4F800B0B846 /* textbox2.png in Resources */,
				935280CA1AA9074D00645457 /* AppIcon@2x.png in Resources */,
				939E82F51AA6B42C00B0B846 /* cross.png in Resources */,
				939E831F1AA6DBA600B0B846 /* Map Marker.png in Resources */,
				939E83231AA6DBDB00B0B846 /* Calendar.png in Resources */,
				93D4C9E01AA817E900523FAE /* checkinbefore.png in Resources */,
				93C7B04A1AA2E3CC00498F97 /* Main.storyboard in Resources */,
				939E82F31AA6B42C00B0B846 /* call.png in Resources */,
				93D4C9D11AA806BB00523FAE /* suggestion3.png in Resources */,
				939E83171AA6D0D100B0B846 /* suggestionsbg.png in Resources */,
				93D4C9D21AA806BB00523FAE /* suggestion4.png in Resources */,
				93D4C9D71AA8090400523FAE /* Heart Monitor.png in Resources */,
				939E82FF1AA6B4F800B0B846 /* textbox1.png in Resources */,
				939E82FB1AA6B42C00B0B846 /* text.png in Resources */,
				93A043471AA81BB1004A4BB8 /* TrackingBG.png in Resources */,
				93D4C9D41AA806EE00523FAE /* Alarm Clock.png in Resources */,
				939E82F41AA6B42C00B0B846 /* checkin.png in Resources */,
				939E83211AA6DBB000B0B846 /* Speech Bubble.png in Resources */,
				93C7B04F1AA2E3CC00498F97 /* LaunchScreen.xib in Resources */,
				93D4C9D81AA8090400523FAE /* Music.png in Resources */,
				93C7B04C1AA2E3CC00498F97 /* Images.xcassets in Resources */,
			);
			runOnlyForDeploymentPostprocessing = 0;
		};
		93C7B0521AA2E3CC00498F97 /* Resources */ = {
			isa = PBXResourcesBuildPhase;
			buildActionMask = 2147483647;
			files = (
			);
			runOnlyForDeploymentPostprocessing = 0;
		};
/* End PBXResourcesBuildPhase section */

/* Begin PBXSourcesBuildPhase section */
		93C7B03B1AA2E3CC00498F97 /* Sources */ = {
			isa = PBXSourcesBuildPhase;
			buildActionMask = 2147483647;
			files = (
				93C7B0651AA2E5F900498F97 /* SuggestionsViewController.swift in Sources */,
				93C7B06B1AA2E61B00498F97 /* GraphViewController.swift in Sources */,
				93C7B0451AA2E3CC00498F97 /* AppDelegate.swift in Sources */,
				93C7B06A1AA2E61B00498F97 /* CheckInViewController.swift in Sources */,
				93C7B06D1AA2EA0300498F97 /* ScrollViewContainer.swift in Sources */,
			);
			runOnlyForDeploymentPostprocessing = 0;
		};
		93C7B0501AA2E3CC00498F97 /* Sources */ = {
			isa = PBXSourcesBuildPhase;
			buildActionMask = 2147483647;
			files = (
				93C7B05B1AA2E3CC00498F97 /* MoodBuddyTests.swift in Sources */,
			);
			runOnlyForDeploymentPostprocessing = 0;
		};
/* End PBXSourcesBuildPhase section */

/* Begin PBXTargetDependency section */
		93C7B0561AA2E3CC00498F97 /* PBXTargetDependency */ = {
			isa = PBXTargetDependency;
			target = 93C7B03E1AA2E3CC00498F97 /* ThoughtJar */;
			targetProxy = 93C7B0551AA2E3CC00498F97 /* PBXContainerItemProxy */;
		};
/* End PBXTargetDependency section */

/* Begin PBXVariantGroup section */
		93C7B0481AA2E3CC00498F97 /* Main.storyboard */ = {
			isa = PBXVariantGroup;
			children = (
				93C7B0491AA2E3CC00498F97 /* Base */,
			);
			name = Main.storyboard;
			sourceTree = "<group>";
		};
		93C7B04D1AA2E3CC00498F97 /* LaunchScreen.xib */ = {
			isa = PBXVariantGroup;
			children = (
				93C7B04E1AA2E3CC00498F97 /* Base */,
			);
			name = LaunchScreen.xib;
			sourceTree = "<group>";
		};
/* End PBXVariantGroup section */

/* Begin XCBuildConfiguration section */
		93C7B05C1AA2E3CC00498F97 /* Debug */ = {
			isa = XCBuildConfiguration;
			buildSettings = {
				ALWAYS_SEARCH_USER_PATHS = NO;
				CLANG_CXX_LANGUAGE_STANDARD = "gnu++0x";
				CLANG_CXX_LIBRARY = "libc++";
				CLANG_ENABLE_MODULES = YES;
				CLANG_ENABLE_OBJC_ARC = YES;
				CLANG_WARN_BOOL_CONVERSION = YES;
				CLANG_WARN_CONSTANT_CONVERSION = YES;
				CLANG_WARN_DIRECT_OBJC_ISA_USAGE = YES_ERROR;
				CLANG_WARN_EMPTY_BODY = YES;
				CLANG_WARN_ENUM_CONVERSION = YES;
				CLANG_WARN_INT_CONVERSION = YES;
				CLANG_WARN_OBJC_ROOT_CLASS = YES_ERROR;
				CLANG_WARN_UNREACHABLE_CODE = YES;
				CLANG_WARN__DUPLICATE_METHOD_MATCH = YES;
				"CODE_SIGN_IDENTITY[sdk=iphoneos*]" = "iPhone Developer";
				COPY_PHASE_STRIP = NO;
				ENABLE_STRICT_OBJC_MSGSEND = YES;
				GCC_C_LANGUAGE_STANDARD = gnu99;
				GCC_DYNAMIC_NO_PIC = NO;
				GCC_OPTIMIZATION_LEVEL = 0;
				GCC_PREPROCESSOR_DEFINITIONS = (
					"DEBUG=1",
					"$(inherited)",
				);
				GCC_SYMBOLS_PRIVATE_EXTERN = NO;
				GCC_WARN_64_TO_32_BIT_CONVERSION = YES;
				GCC_WARN_ABOUT_RETURN_TYPE = YES_ERROR;
				GCC_WARN_UNDECLARED_SELECTOR = YES;
				GCC_WARN_UNINITIALIZED_AUTOS = YES_AGGRESSIVE;
				GCC_WARN_UNUSED_FUNCTION = YES;
				GCC_WARN_UNUSED_VARIABLE = YES;
				IPHONEOS_DEPLOYMENT_TARGET = 8.1;
				MTL_ENABLE_DEBUG_INFO = YES;
				ONLY_ACTIVE_ARCH = YES;
				SDKROOT = iphoneos;
				SWIFT_OPTIMIZATION_LEVEL = "-Onone";
			};
			name = Debug;
		};
		93C7B05D1AA2E3CC00498F97 /* Release */ = {
			isa = XCBuildConfiguration;
			buildSettings = {
				ALWAYS_SEARCH_USER_PATHS = NO;
				CLANG_CXX_LANGUAGE_STANDARD = "gnu++0x";
				CLANG_CXX_LIBRARY = "libc++";
				CLANG_ENABLE_MODULES = YES;
				CLANG_ENABLE_OBJC_ARC = YES;
				CLANG_WARN_BOOL_CONVERSION = YES;
				CLANG_WARN_CONSTANT_CONVERSION = YES;
				CLANG_WARN_DIRECT_OBJC_ISA_USAGE = YES_ERROR;
				CLANG_WARN_EMPTY_BODY = YES;
				CLANG_WARN_ENUM_CONVERSION = YES;
				CLANG_WARN_INT_CONVERSION = YES;
				CLANG_WARN_OBJC_ROOT_CLASS = YES_ERROR;
				CLANG_WARN_UNREACHABLE_CODE = YES;
				CLANG_WARN__DUPLICATE_METHOD_MATCH = YES;
				"CODE_SIGN_IDENTITY[sdk=iphoneos*]" = "iPhone Developer";
				COPY_PHASE_STRIP = YES;
				ENABLE_NS_ASSERTIONS = NO;
				ENABLE_STRICT_OBJC_MSGSEND = YES;
				GCC_C_LANGUAGE_STANDARD = gnu99;
				GCC_WARN_64_TO_32_BIT_CONVERSION = YES;
				GCC_WARN_ABOUT_RETURN_TYPE = YES_ERROR;
				GCC_WARN_UNDECLARED_SELECTOR = YES;
				GCC_WARN_UNINITIALIZED_AUTOS = YES_AGGRESSIVE;
				GCC_WARN_UNUSED_FUNCTION = YES;
				GCC_WARN_UNUSED_VARIABLE = YES;
				IPHONEOS_DEPLOYMENT_TARGET = 8.1;
				MTL_ENABLE_DEBUG_INFO = NO;
				SDKROOT = iphoneos;
				VALIDATE_PRODUCT = YES;
			};
			name = Release;
		};
		93C7B05F1AA2E3CC00498F97 /* Debug */ = {
			isa = XCBuildConfiguration;
			buildSettings = {
				ASSETCATALOG_COMPILER_APPICON_NAME = AppIcon;
				ASSETCATALOG_COMPILER_LAUNCHIMAGE_NAME = LaunchImage;
				INFOPLIST_FILE = MoodBuddy/Info.plist;
				LD_RUNPATH_SEARCH_PATHS = "$(inherited) @executable_path/Frameworks";
				PRODUCT_NAME = ThoughtJar;
			};
			name = Debug;
		};
		93C7B0601AA2E3CC00498F97 /* Release */ = {
			isa = XCBuildConfiguration;
			buildSettings = {
				ASSETCATALOG_COMPILER_APPICON_NAME = AppIcon;
				ASSETCATALOG_COMPILER_LAUNCHIMAGE_NAME = LaunchImage;
				INFOPLIST_FILE = MoodBuddy/Info.plist;
				LD_RUNPATH_SEARCH_PATHS = "$(inherited) @executable_path/Frameworks";
				PRODUCT_NAME = ThoughtJar;
			};
			name = Release;
		};
		93C7B0621AA2E3CC00498F97 /* Debug */ = {
			isa = XCBuildConfiguration;
			buildSettings = {
				BUNDLE_LOADER = "$(TEST_HOST)";
				FRAMEWORK_SEARCH_PATHS = (
					"$(SDKROOT)/Developer/Library/Frameworks",
					"$(inherited)",
				);
				GCC_PREPROCESSOR_DEFINITIONS = (
					"DEBUG=1",
					"$(inherited)",
				);
				INFOPLIST_FILE = MoodBuddyTests/Info.plist;
				LD_RUNPATH_SEARCH_PATHS = "$(inherited) @executable_path/Frameworks @loader_path/Frameworks";
				PRODUCT_NAME = ThoughtJarTests;
				TEST_HOST = "$(BUILT_PRODUCTS_DIR)/ThoughtJar.app/ThoughtJar";
			};
			name = Debug;
		};
		93C7B0631AA2E3CC00498F97 /* Release */ = {
			isa = XCBuildConfiguration;
			buildSettings = {
				BUNDLE_LOADER = "$(TEST_HOST)";
				FRAMEWORK_SEARCH_PATHS = (
					"$(SDKROOT)/Developer/Library/Frameworks",
					"$(inherited)",
				);
				INFOPLIST_FILE = MoodBuddyTests/Info.plist;
				LD_RUNPATH_SEARCH_PATHS = "$(inherited) @executable_path/Frameworks @loader_path/Frameworks";
				PRODUCT_NAME = ThoughtJarTests;
				TEST_HOST = "$(BUILT_PRODUCTS_DIR)/ThoughtJar.app/ThoughtJar";
			};
			name = Release;
		};
/* End XCBuildConfiguration section */

/* Begin XCConfigurationList section */
		93C7B03A1AA2E3CC00498F97 /* Build configuration list for PBXProject "ThoughtJar" */ = {
			isa = XCConfigurationList;
			buildConfigurations = (
				93C7B05C1AA2E3CC00498F97 /* Debug */,
				93C7B05D1AA2E3CC00498F97 /* Release */,
			);
			defaultConfigurationIsVisible = 0;
			defaultConfigurationName = Release;
		};
		93C7B05E1AA2E3CC00498F97 /* Build configuration list for PBXNativeTarget "ThoughtJar" */ = {
			isa = XCConfigurationList;
			buildConfigurations = (
				93C7B05F1AA2E3CC00498F97 /* Debug */,
				93C7B0601AA2E3CC00498F97 /* Release */,
			);
			defaultConfigurationIsVisible = 0;
			defaultConfigurationName = Release;
		};
		93C7B0611AA2E3CC00498F97 /* Build configuration list for PBXNativeTarget "ThoughtJarTests" */ = {
			isa = XCConfigurationList;
			buildConfigurations = (
				93C7B0621AA2E3CC00498F97 /* Debug */,
				93C7B0631AA2E3CC00498F97 /* Release */,
			);
			defaultConfigurationIsVisible = 0;
			defaultConfigurationName = Release;
		};
/* End XCConfigurationList section */
	};
	rootObject = 93C7B0371AA2E3CC00498F97 /* Project object */;
}
